
Microsoft Visual Studio Solution File, Format Version 12.00
# Visual Studio Version 16
VisualStudioVersion = 16.0.30406.217
MinimumVisualStudioVersion = 10.0.40219.1
Project("{FAE04EC0-301F-11D3-BF4B-00C04F79EFBC}") = "AngularShopListApp", "AngularShopListApp.csproj", "{F63EF539-CD14-4CB4-8F53-EE10F1EB8A8E}"
EndProject
Global
	GlobalSection(SolutionConfigurationPlatforms) = preSolution
		Debug|Any CPU = Debug|Any CPU
		Release|Any CPU = Release|Any CPU
	EndGlobalSection
	GlobalSection(ProjectConfigurationPlatforms) = postSolution
		{F63EF539-CD14-4CB4-8F53-EE10F1EB8A8E}.Debug|Any CPU.ActiveCfg = Debug|Any CPU
		{F63EF539-CD14-4CB4-8F53-EE10F1EB8A8E}.Debug|Any CPU.Build.0 = Debug|Any CPU
		{F63EF539-CD14-4CB4-8F53-EE10F1EB8A8E}.Release|Any CPU.ActiveCfg = Release|Any CPU
		{F63EF539-CD14-4CB4-8F53-EE10F1EB8A8E}.Release|Any CPU.Build.0 = Release|Any CPU
	EndGlobalSection
	GlobalSection(SolutionProperties) = preSolution
		HideSolutionNode = FALSE
	EndGlobalSection
	GlobalSection(ExtensibilityGlobals) = postSolution
		SolutionGuid = {F575A4A9-87D4-4333-BC66-038EAA6D3046}
	EndGlobalSection
EndGlobal
